
Microsoft Visual Studio Solution File, Format Version 12.00
# Visual Studio Version 16
VisualStudioVersion = 16.0.29926.136
MinimumVisualStudioVersion = 10.0.40219.1
Project("{FAE04EC0-301F-11D3-BF4B-00C04F79EFBC}") = "ConsoleApp1", "ConsoleApp1\ConsoleApp1.csproj", "{2527E745-5AEC-453D-9EA2-F56328C6FA48}"
EndProject
Project("{FAE04EC0-301F-11D3-BF4B-00C04F79EFBC}") = "ClassLibrary1", "ClassLibrary1\ClassLibrary1.csproj", "{53439FEC-BDE9-477A-8B5C-74B235946F0A}"
EndProject
Global
	GlobalSection(SolutionConfigurationPlatforms) = preSolution
		Debug|Any CPU = Debug|Any CPU
		Release|Any CPU = Release|Any CPU
	EndGlobalSection
	GlobalSection(ProjectConfigurationPlatforms) = postSolution
		{2527E745-5AEC-453D-9EA2-F56328C6FA48}.Debug|Any CPU.ActiveCfg = Debug|Any CPU
		{2527E745-5AEC-453D-9EA2-F56328C6FA48}.Debug|Any CPU.Build.0 = Debug|Any CPU
		{2527E745-5AEC-453D-9EA2-F56328C6FA48}.Release|Any CPU.ActiveCfg = Release|Any CPU
		{2527E745-5AEC-453D-9EA2-F56328C6FA48}.Release|Any CPU.Build.0 = Release|Any CPU
		{53439FEC-BDE9-477A-8B5C-74B235946F0A}.Debug|Any CPU.ActiveCfg = Debug|Any CPU
		{53439FEC-BDE9-477A-8B5C-74B235946F0A}.Debug|Any CPU.Build.0 = Debug|Any CPU
		{53439FEC-BDE9-477A-8B5C-74B235946F0A}.Release|Any CPU.ActiveCfg = Release|Any CPU
		{53439FEC-BDE9-477A-8B5C-74B235946F0A}.Release|Any CPU.Build.0 = Release|Any CPU
	EndGlobalSection
	GlobalSection(SolutionProperties) = preSolution
		HideSolutionNode = FALSE
	EndGlobalSection
	GlobalSection(ExtensibilityGlobals) = postSolution
		SolutionGuid = {C5A40977-3958-4428-9A8F-40704B32FB94}
	EndGlobalSection
EndGlobal
